{
  "name": "__test_proto__",
  "lockfileVersion": 2,
  "requires": true,
  "packages": {
    "": {
      "license": "ISC",
      "dependencies": {
        "lodash": "^4.17.21",
        "typescript": "^5.3.0"
      },
      "devDependencies": {
        "@types/lodash": "^4.14.191"
      }
    },
    "node_modules/@types/lodash": {
      "version": "4.14.202",
      "resolved": "https://registry.npmmirror.com/@types/lodash/-/lodash-4.14.202.tgz",
      "integrity": "sha512-OvlIYQK9tNneDlS0VN54LLd5uiPCBOp7gS5Z0f1mjoJYBrtStzgmJBxONW3U6OZqdtNzZPmn9BS/7WI7BFFcFQ==",
      "dev": true
    },
    "node_modules/lodash": {
      "version": "4.17.21",
      "resolved": "https://registry.npmmirror.com/lodash/-/lodash-4.17.21.tgz",
      "integrity": "sha512-v2kDEe57lecTulaDIuNTPy3Ry4gLGJ6Z1O3vE1krgXZNrsQ+LFTGHVxVjcXPs17LhbZVGedAJv8XZ1tvj5FvSg=="
    },
    "node_modules/typescript": {
      "version": "5.3.2",
      "resolved": "https://registry.npmmirror.com/typescript/-/typescript-5.3.2.tgz",
      "integrity": "sha512-6l+RyNy7oAHDfxC4FzSJcz9vnjTKxrLpDG5M2Vu4SHRVNg6xzqZp6LYSR9zjqQTu8DU/f5xwxUdADOkbrIX2gQ==",
      "bin": {
        "tsc": "bin/tsc",
        "tsserver": "bin/tsserver"
      },
      "engines": {
        "node": ">=14.17"
      }
    }
  },
  "dependencies": {
    "@types/lodash": {
      "version": "4.14.202",
      "resolved": "https://registry.npmmirror.com/@types/lodash/-/lodash-4.14.202.tgz",
      "integrity": "sha512-OvlIYQK9tNneDlS0VN54LLd5uiPCBOp7gS5Z0f1mjoJYBrtStzgmJBxONW3U6OZqdtNzZPmn9BS/7WI7BFFcFQ==",
      "dev": true
    },
    "lodash": {
      "version": "4.17.21",
      "resolved": "https://registry.npmmirror.com/lodash/-/lodash-4.17.21.tgz",
      "integrity": "sha512-v2kDEe57lecTulaDIuNTPy3Ry4gLGJ6Z1O3vE1krgXZNrsQ+LFTGHVxVjcXPs17LhbZVGedAJv8XZ1tvj5FvSg=="
    },
    "typescript": {
      "version": "5.3.2",
      "resolved": "https://registry.npmmirror.com/typescript/-/typescript-5.3.2.tgz",
      "integrity": "sha512-6l+RyNy7oAHDfxC4FzSJcz9vnjTKxrLpDG5M2Vu4SHRVNg6xzqZp6LYSR9zjqQTu8DU/f5xwxUdADOkbrIX2gQ=="
    }
  }
}
