{
  "requires": true,
  "lockfileVersion": 1,
  "dependencies": {
    "@lukeed/csprng": {
      "version": "1.1.0",
      "resolved": "https://registry.npmmirror.com/@lukeed/csprng/-/csprng-1.1.0.tgz",
      "integrity": "sha512-Z7C/xXCiGWsg0KuKsHTKJxbWhpI3Vs5GwLfOean7MGyVFGqdRgBbAjOCh6u4bbjPc/8MJ2pZmK/0DLdCbivLDA=="
    },
    "@types/lodash": {
      "version": "4.14.202",
      "resolved": "https://registry.npmmirror.com/@types/lodash/-/lodash-4.14.202.tgz",
      "integrity": "sha512-OvlIYQK9tNneDlS0VN54LLd5uiPCBOp7gS5Z0f1mjoJYBrtStzgmJBxONW3U6OZqdtNzZPmn9BS/7WI7BFFcFQ==",
      "dev": true
    },
    "lodash": {
      "version": "4.17.21",
      "resolved": "https://registry.npmmirror.com/lodash/-/lodash-4.17.21.tgz",
      "integrity": "sha512-v2kDEe57lecTulaDIuNTPy3Ry4gLGJ6Z1O3vE1krgXZNrsQ+LFTGHVxVjcXPs17LhbZVGedAJv8XZ1tvj5FvSg=="
    },
    "prettier": {
      "version": "3.1.0",
      "resolved": "https://registry.npmmirror.com/prettier/-/prettier-3.1.0.tgz",
      "integrity": "sha512-TQLvXjq5IAibjh8EpBIkNKxO749UEWABoiIZehEPiY4GNpVdhaFKqSTu+QrlU6D2dPAfubRmtJTi4K4YkQ5eXw==",
      "dev": true
    },
    "typescript": {
      "version": "5.3.2",
      "resolved": "https://registry.npmmirror.com/typescript/-/typescript-5.3.2.tgz",
      "integrity": "sha512-6l+RyNy7oAHDfxC4FzSJcz9vnjTKxrLpDG5M2Vu4SHRVNg6xzqZp6LYSR9zjqQTu8DU/f5xwxUdADOkbrIX2gQ=="
    },
    "uid": {
      "version": "2.0.2",
      "resolved": "https://registry.npmmirror.com/uid/-/uid-2.0.2.tgz",
      "integrity": "sha512-u3xV3X7uzvi5b1MncmZo3i2Aw222Zk1keqLA1YkHldREkAhAqi65wuPfe7lHx8H/Wzy+8CE7S7uS3jekIM5s8g==",
      "requires": {
        "@lukeed/csprng": "^1.0.0"
      }
    }
  }
}
